
Microsoft Visual Studio Solution File, Format Version 12.00
# Visual Studio Version 16
VisualStudioVersion = 16.0.31229.75
MinimumVisualStudioVersion = 10.0.40219.1
Project("{FAE04EC0-301F-11D3-BF4B-00C04F79EFBC}") = "memory_allocation_program", "memory_allocation_program.csproj", "{CA851646-2FC9-4FB6-9D40-BD97ABF27AAC}"
EndProject
Global
	GlobalSection(SolutionConfigurationPlatforms) = preSolution
		Debug|Any CPU = Debug|Any CPU
		Release|Any CPU = Release|Any CPU
	EndGlobalSection
	GlobalSection(ProjectConfigurationPlatforms) = postSolution
		{CA851646-2FC9-4FB6-9D40-BD97ABF27AAC}.Debug|Any CPU.ActiveCfg = Debug|Any CPU
		{CA851646-2FC9-4FB6-9D40-BD97ABF27AAC}.Debug|Any CPU.Build.0 = Debug|Any CPU
		{CA851646-2FC9-4FB6-9D40-BD97ABF27AAC}.Release|Any CPU.ActiveCfg = Release|Any CPU
		{CA851646-2FC9-4FB6-9D40-BD97ABF27AAC}.Release|Any CPU.Build.0 = Release|Any CPU
	EndGlobalSection
	GlobalSection(SolutionProperties) = preSolution
		HideSolutionNode = FALSE
	EndGlobalSection
	GlobalSection(ExtensibilityGlobals) = postSolution
		SolutionGuid = {ED732919-324B-4088-A708-0B13BBD5E56D}
	EndGlobalSection
EndGlobal
